// !$*UTF8*$!
{
	archiveVersion = 1;
	classes = {
	};
	objectVersion = 46;
	objects = {

/* Begin PBXBuildFile section */
		838C17E81B1F4D5E0095EAB2 /* AppDelegate.swift in Sources */ = {isa = PBXBuildFile; fileRef = 838C17E71B1F4D5E0095EAB2 /* AppDelegate.swift */; };
		838C17EA1B1F4D5E0095EAB2 /* RecordSoundsViewController.swift in Sources */ = {isa = PBXBuildFile; fileRef = 838C17E91B1F4D5E0095EAB2 /* RecordSoundsViewController.swift */; };
		838C17ED1B1F4D5E0095EAB2 /* Main.storyboard in Resources */ = {isa = PBXBuildFile; fileRef = 838C17EB1B1F4D5E0095EAB2 /* Main.storyboard */; };
		838C17EF1B1F4D5E0095EAB2 /* Images.xcassets in Resources */ = {isa = PBXBuildFile; fileRef = 838C17EE1B1F4D5E0095EAB2 /* Images.xcassets */; };
		838C17F21B1F4D5E0095EAB2 /* LaunchScreen.xib in Resources */ = {isa = PBXBuildFile; fileRef = 838C17F01B1F4D5E0095EAB2 /* LaunchScreen.xib */; };
		838C17FE1B1F4D5E0095EAB2 /* PitchPerfectTests.swift in Sources */ = {isa = PBXBuildFile; fileRef = 838C17FD1B1F4D5E0095EAB2 /* PitchPerfectTests.swift */; };
		838C180A1B1F5C790095EAB2 /* microphone-iphone.png in Resources */ = {isa = PBXBuildFile; fileRef = 838C18071B1F5C790095EAB2 /* microphone-iphone.png */; };
		838C180B1B1F5C790095EAB2 /* microphone@2x-iphone.png in Resources */ = {isa = PBXBuildFile; fileRef = 838C18081B1F5C790095EAB2 /* microphone@2x-iphone.png */; };
		838C180C1B1F5C790095EAB2 /* stop@2x-iphone.png in Resources */ = {isa = PBXBuildFile; fileRef = 838C18091B1F5C790095EAB2 /* stop@2x-iphone.png */; };
		838C180E1B209BD20095EAB2 /* PlaySoundsViewController.swift in Sources */ = {isa = PBXBuildFile; fileRef = 838C180D1B209BD20095EAB2 /* PlaySoundsViewController.swift */; };
		838C18101B209D250095EAB2 /* fast@2x-iphone.png in Resources */ = {isa = PBXBuildFile; fileRef = 838C180F1B209D250095EAB2 /* fast@2x-iphone.png */; };
		838C18121B209D330095EAB2 /* movie_quote.mp3 in Resources */ = {isa = PBXBuildFile; fileRef = 838C18111B209D330095EAB2 /* movie_quote.mp3 */; };
		838C18141B2260D70095EAB2 /* RecordedAudio.swift in Sources */ = {isa = PBXBuildFile; fileRef = 838C18131B2260D70095EAB2 /* RecordedAudio.swift */; };
		838C18171B2321B20095EAB2 /* chipmunk@2x-iphone.png in Resources */ = {isa = PBXBuildFile; fileRef = 838C18151B2321B20095EAB2 /* chipmunk@2x-iphone.png */; };
		838C18181B2321B20095EAB2 /* darthvader@2x-iphone.png in Resources */ = {isa = PBXBuildFile; fileRef = 838C18161B2321B20095EAB2 /* darthvader@2x-iphone.png */; };
		83EEF7271B253BEA00DEF6AD /* pause@2x-iphone.png in Resources */ = {isa = PBXBuildFile; fileRef = 83EEF7261B253BEA00DEF6AD /* pause@2x-iphone.png */; };
		83EEF7291B26764400DEF6AD /* echo@2x-iphone.png in Resources */ = {isa = PBXBuildFile; fileRef = 83EEF7281B26764400DEF6AD /* echo@2x-iphone.png */; };
/* End PBXBuildFile section */

/* Begin PBXContainerItemProxy section */
		838C17F81B1F4D5E0095EAB2 /* PBXContainerItemProxy */ = {
			isa = PBXContainerItemProxy;
			containerPortal = 838C17DA1B1F4D5E0095EAB2 /* Project object */;
			proxyType = 1;
			remoteGlobalIDString = 838C17E11B1F4D5E0095EAB2;
			remoteInfo = PitchPerfect;
		};
/* End PBXContainerItemProxy section */

/* Begin PBXFileReference section */
		838C17E21B1F4D5E0095EAB2 /* PitchPerfect.app */ = {isa = PBXFileReference; explicitFileType = wrapper.application; includeInIndex = 0; path = PitchPerfect.app; sourceTree = BUILT_PRODUCTS_DIR; };
		838C17E61B1F4D5E0095EAB2 /* Info.plist */ = {isa = PBXFileReference; lastKnownFileType = text.plist.xml; path = Info.plist; sourceTree = "<group>"; };
		838C17E71B1F4D5E0095EAB2 /* AppDelegate.swift */ = {isa = PBXFileReference; lastKnownFileType = sourcecode.swift; path = AppDelegate.swift; sourceTree = "<group>"; };
		838C17E91B1F4D5E0095EAB2 /* RecordSoundsViewController.swift */ = {isa = PBXFileReference; lastKnownFileType = sourcecode.swift; path = RecordSoundsViewController.swift; sourceTree = "<group>"; };
		838C17EC1B1F4D5E0095EAB2 /* Base */ = {isa = PBXFileReference; lastKnownFileType = file.storyboard; name = Base; path = Base.lproj/Main.storyboard; sourceTree = "<group>"; };
		838C17EE1B1F4D5E0095EAB2 /* Images.xcassets */ = {isa = PBXFileReference; lastKnownFileType = folder.assetcatalog; path = Images.xcassets; sourceTree = "<group>"; };
		838C17F11B1F4D5E0095EAB2 /* Base */ = {isa = PBXFileReference; lastKnownFileType = file.xib; name = Base; path = Base.lproj/LaunchScreen.xib; sourceTree = "<group>"; };
		838C17F71B1F4D5E0095EAB2 /* PitchPerfectTests.xctest */ = {isa = PBXFileReference; explicitFileType = wrapper.cfbundle; includeInIndex = 0; path = PitchPerfectTests.xctest; sourceTree = BUILT_PRODUCTS_DIR; };
		838C17FC1B1F4D5E0095EAB2 /* Info.plist */ = {isa = PBXFileReference; lastKnownFileType = text.plist.xml; path = Info.plist; sourceTree = "<group>"; };
		838C17FD1B1F4D5E0095EAB2 /* PitchPerfectTests.swift */ = {isa = PBXFileReference; lastKnownFileType = sourcecode.swift; path = PitchPerfectTests.swift; sourceTree = "<group>"; };
		838C18071B1F5C790095EAB2 /* microphone-iphone.png */ = {isa = PBXFileReference; lastKnownFileType = image.png; path = "microphone-iphone.png"; sourceTree = "<group>"; };
		838C18081B1F5C790095EAB2 /* microphone@2x-iphone.png */ = {isa = PBXFileReference; lastKnownFileType = image.png; path = "microphone@2x-iphone.png"; sourceTree = "<group>"; };
		838C18091B1F5C790095EAB2 /* stop@2x-iphone.png */ = {isa = PBXFileReference; lastKnownFileType = image.png; path = "stop@2x-iphone.png"; sourceTree = "<group>"; };
		838C180D1B209BD20095EAB2 /* PlaySoundsViewController.swift */ = {isa = PBXFileReference; fileEncoding = 4; lastKnownFileType = sourcecode.swift; path = PlaySoundsViewController.swift; sourceTree = "<group>"; };
		838C180F1B209D250095EAB2 /* fast@2x-iphone.png */ = {isa = PBXFileReference; lastKnownFileType = image.png; path = "fast@2x-iphone.png"; sourceTree = "<group>"; };
		838C18111B209D330095EAB2 /* movie_quote.mp3 */ = {isa = PBXFileReference; lastKnownFileType = audio.mp3; path = movie_quote.mp3; sourceTree = "<group>"; };
		838C18131B2260D70095EAB2 /* RecordedAudio.swift */ = {isa = PBXFileReference; fileEncoding = 4; lastKnownFileType = sourcecode.swift; path = RecordedAudio.swift; sourceTree = "<group>"; };
		838C18151B2321B20095EAB2 /* chipmunk@2x-iphone.png */ = {isa = PBXFileReference; lastKnownFileType = image.png; path = "chipmunk@2x-iphone.png"; sourceTree = "<group>"; };
		838C18161B2321B20095EAB2 /* darthvader@2x-iphone.png */ = {isa = PBXFileReference; lastKnownFileType = image.png; path = "darthvader@2x-iphone.png"; sourceTree = "<group>"; };
		83EEF7261B253BEA00DEF6AD /* pause@2x-iphone.png */ = {isa = PBXFileReference; lastKnownFileType = image.png; path = "pause@2x-iphone.png"; sourceTree = "<group>"; };
		83EEF7281B26764400DEF6AD /* echo@2x-iphone.png */ = {isa = PBXFileReference; lastKnownFileType = image.png; path = "echo@2x-iphone.png"; sourceTree = "<group>"; };
/* End PBXFileReference section */

/* Begin PBXFrameworksBuildPhase section */
		838C17DF1B1F4D5E0095EAB2 /* Frameworks */ = {
			isa = PBXFrameworksBuildPhase;
			buildActionMask = 2147483647;
			files = (
			);
			runOnlyForDeploymentPostprocessing = 0;
		};
		838C17F41B1F4D5E0095EAB2 /* Frameworks */ = {
			isa = PBXFrameworksBuildPhase;
			buildActionMask = 2147483647;
			files = (
			);
			runOnlyForDeploymentPostprocessing = 0;
		};
/* End PBXFrameworksBuildPhase section */

/* Begin PBXGroup section */
		838C17D91B1F4D5E0095EAB2 = {
			isa = PBXGroup;
			children = (
				838C17E41B1F4D5E0095EAB2 /* PitchPerfect */,
				838C17FA1B1F4D5E0095EAB2 /* PitchPerfectTests */,
				838C17E31B1F4D5E0095EAB2 /* Products */,
			);
			sourceTree = "<group>";
		};
		838C17E31B1F4D5E0095EAB2 /* Products */ = {
			isa = PBXGroup;
			children = (
				838C17E21B1F4D5E0095EAB2 /* PitchPerfect.app */,
				838C17F71B1F4D5E0095EAB2 /* PitchPerfectTests.xctest */,
			);
			name = Products;
			sourceTree = "<group>";
		};
		838C17E41B1F4D5E0095EAB2 /* PitchPerfect */ = {
			isa = PBXGroup;
			children = (
				838C17E71B1F4D5E0095EAB2 /* AppDelegate.swift */,
				838C17E91B1F4D5E0095EAB2 /* RecordSoundsViewController.swift */,
				838C17EB1B1F4D5E0095EAB2 /* Main.storyboard */,
				838C18131B2260D70095EAB2 /* RecordedAudio.swift */,
				838C180D1B209BD20095EAB2 /* PlaySoundsViewController.swift */,
				838C17EE1B1F4D5E0095EAB2 /* Images.xcassets */,
				838C17F01B1F4D5E0095EAB2 /* LaunchScreen.xib */,
				838C17E51B1F4D5E0095EAB2 /* Supporting Files */,
			);
			path = PitchPerfect;
			sourceTree = "<group>";
		};
		838C17E51B1F4D5E0095EAB2 /* Supporting Files */ = {
			isa = PBXGroup;
			children = (
				83EEF7281B26764400DEF6AD /* echo@2x-iphone.png */,
				83EEF7261B253BEA00DEF6AD /* pause@2x-iphone.png */,
				838C18151B2321B20095EAB2 /* chipmunk@2x-iphone.png */,
				838C18161B2321B20095EAB2 /* darthvader@2x-iphone.png */,
				838C18111B209D330095EAB2 /* movie_quote.mp3 */,
				838C180F1B209D250095EAB2 /* fast@2x-iphone.png */,
				838C18071B1F5C790095EAB2 /* microphone-iphone.png */,
				838C18081B1F5C790095EAB2 /* microphone@2x-iphone.png */,
				838C18091B1F5C790095EAB2 /* stop@2x-iphone.png */,
				838C17E61B1F4D5E0095EAB2 /* Info.plist */,
			);
			name = "Supporting Files";
			sourceTree = "<group>";
		};
		838C17FA1B1F4D5E0095EAB2 /* PitchPerfectTests */ = {
			isa = PBXGroup;
			children = (
				838C17FD1B1F4D5E0095EAB2 /* PitchPerfectTests.swift */,
				838C17FB1B1F4D5E0095EAB2 /* Supporting Files */,
			);
			path = PitchPerfectTests;
			sourceTree = "<group>";
		};
		838C17FB1B1F4D5E0095EAB2 /* Supporting Files */ = {
			isa = PBXGroup;
			children = (
				838C17FC1B1F4D5E0095EAB2 /* Info.plist */,
			);
			name = "Supporting Files";
			sourceTree = "<group>";
		};
/* End PBXGroup section */

/* Begin PBXNativeTarget section */
		838C17E11B1F4D5E0095EAB2 /* PitchPerfect */ = {
			isa = PBXNativeTarget;
			buildConfigurationList = 838C18011B1F4D5E0095EAB2 /* Build configuration list for PBXNativeTarget "PitchPerfect" */;
			buildPhases = (
				838C17DE1B1F4D5E0095EAB2 /* Sources */,
				838C17DF1B1F4D5E0095EAB2 /* Frameworks */,
				838C17E01B1F4D5E0095EAB2 /* Resources */,
			);
			buildRules = (
			);
			dependencies = (
			);
			name = PitchPerfect;
			productName = PitchPerfect;
			productReference = 838C17E21B1F4D5E0095EAB2 /* PitchPerfect.app */;
			productType = "com.apple.product-type.application";
		};
		838C17F61B1F4D5E0095EAB2 /* PitchPerfectTests */ = {
			isa = PBXNativeTarget;
			buildConfigurationList = 838C18041B1F4D5E0095EAB2 /* Build configuration list for PBXNativeTarget "PitchPerfectTests" */;
			buildPhases = (
				838C17F31B1F4D5E0095EAB2 /* Sources */,
				838C17F41B1F4D5E0095EAB2 /* Frameworks */,
				838C17F51B1F4D5E0095EAB2 /* Resources */,
			);
			buildRules = (
			);
			dependencies = (
				838C17F91B1F4D5E0095EAB2 /* PBXTargetDependency */,
			);
			name = PitchPerfectTests;
			productName = PitchPerfectTests;
			productReference = 838C17F71B1F4D5E0095EAB2 /* PitchPerfectTests.xctest */;
			productType = "com.apple.product-type.bundle.unit-test";
		};
/* End PBXNativeTarget section */

/* Begin PBXProject section */
		838C17DA1B1F4D5E0095EAB2 /* Project object */ = {
			isa = PBXProject;
			attributes = {
				LastUpgradeCheck = 0630;
				ORGANIZATIONNAME = CWatson;
				TargetAttributes = {
					838C17E11B1F4D5E0095EAB2 = {
						CreatedOnToolsVersion = 6.3.1;
						DevelopmentTeam = FFB9DM3JN9;
					};
					838C17F61B1F4D5E0095EAB2 = {
						CreatedOnToolsVersion = 6.3.1;
						TestTargetID = 838C17E11B1F4D5E0095EAB2;
					};
				};
			};
			buildConfigurationList = 838C17DD1B1F4D5E0095EAB2 /* Build configuration list for PBXProject "PitchPerfect" */;
			compatibilityVersion = "Xcode 3.2";
			developmentRegion = English;
			hasScannedForEncodings = 0;
			knownRegions = (
				en,
				Base,
			);
			mainGroup = 838C17D91B1F4D5E0095EAB2;
			productRefGroup = 838C17E31B1F4D5E0095EAB2 /* Products */;
			projectDirPath = "";
			projectRoot = "";
			targets = (
				838C17E11B1F4D5E0095EAB2 /* PitchPerfect */,
				838C17F61B1F4D5E0095EAB2 /* PitchPerfectTests */,
			);
		};
/* End PBXProject section */

/* Begin PBXResourcesBuildPhase section */
		838C17E01B1F4D5E0095EAB2 /* Resources */ = {
			isa = PBXResourcesBuildPhase;
			buildActionMask = 2147483647;
			files = (
				838C18171B2321B20095EAB2 /* chipmunk@2x-iphone.png in Resources */,
				838C180A1B1F5C790095EAB2 /* microphone-iphone.png in Resources */,
				838C180B1B1F5C790095EAB2 /* microphone@2x-iphone.png in Resources */,
				838C18121B209D330095EAB2 /* movie_quote.mp3 in Resources */,
				838C17ED1B1F4D5E0095EAB2 /* Main.storyboard in Resources */,
				838C17F21B1F4D5E0095EAB2 /* LaunchScreen.xib in Resources */,
				83EEF7291B26764400DEF6AD /* echo@2x-iphone.png in Resources */,
				838C18181B2321B20095EAB2 /* darthvader@2x-iphone.png in Resources */,
				83EEF7271B253BEA00DEF6AD /* pause@2x-iphone.png in Resources */,
				838C18101B209D250095EAB2 /* fast@2x-iphone.png in Resources */,
				838C17EF1B1F4D5E0095EAB2 /* Images.xcassets in Resources */,
				838C180C1B1F5C790095EAB2 /* stop@2x-iphone.png in Resources */,
			);
			runOnlyForDeploymentPostprocessing = 0;
		};
		838C17F51B1F4D5E0095EAB2 /* Resources */ = {
			isa = PBXResourcesBuildPhase;
			buildActionMask = 2147483647;
			files = (
			);
			runOnlyForDeploymentPostprocessing = 0;
		};
/* End PBXResourcesBuildPhase section */

/* Begin PBXSourcesBuildPhase section */
		838C17DE1B1F4D5E0095EAB2 /* Sources */ = {
			isa = PBXSourcesBuildPhase;
			buildActionMask = 2147483647;
			files = (
				838C18141B2260D70095EAB2 /* RecordedAudio.swift in Sources */,
				838C17EA1B1F4D5E0095EAB2 /* RecordSoundsViewController.swift in Sources */,
				838C180E1B209BD20095EAB2 /* PlaySoundsViewController.swift in Sources */,
				838C17E81B1F4D5E0095EAB2 /* AppDelegate.swift in Sources */,
			);
			runOnlyForDeploymentPostprocessing = 0;
		};
		838C17F31B1F4D5E0095EAB2 /* Sources */ = {
			isa = PBXSourcesBuildPhase;
			buildActionMask = 2147483647;
			files = (
				838C17FE1B1F4D5E0095EAB2 /* PitchPerfectTests.swift in Sources */,
			);
			runOnlyForDeploymentPostprocessing = 0;
		};
/* End PBXSourcesBuildPhase section */

/* Begin PBXTargetDependency section */
		838C17F91B1F4D5E0095EAB2 /* PBXTargetDependency */ = {
			isa = PBXTargetDependency;
			target = 838C17E11B1F4D5E0095EAB2 /* PitchPerfect */;
			targetProxy = 838C17F81B1F4D5E0095EAB2 /* PBXContainerItemProxy */;
		};
/* End PBXTargetDependency section */

/* Begin PBXVariantGroup section */
		838C17EB1B1F4D5E0095EAB2 /* Main.storyboard */ = {
			isa = PBXVariantGroup;
			children = (
				838C17EC1B1F4D5E0095EAB2 /* Base */,
			);
			name = Main.storyboard;
			sourceTree = "<group>";
		};
		838C17F01B1F4D5E0095EAB2 /* LaunchScreen.xib */ = {
			isa = PBXVariantGroup;
			children = (
				838C17F11B1F4D5E0095EAB2 /* Base */,
			);
			name = LaunchScreen.xib;
			sourceTree = "<group>";
		};
/* End PBXVariantGroup section */

/* Begin XCBuildConfiguration section */
		838C17FF1B1F4D5E0095EAB2 /* Debug */ = {
			isa = XCBuildConfiguration;
			buildSettings = {
				ALWAYS_SEARCH_USER_PATHS = NO;
				CLANG_CXX_LANGUAGE_STANDARD = "gnu++0x";
				CLANG_CXX_LIBRARY = "libc++";
				CLANG_ENABLE_MODULES = YES;
				CLANG_ENABLE_OBJC_ARC = YES;
				CLANG_WARN_BOOL_CONVERSION = YES;
				CLANG_WARN_CONSTANT_CONVERSION = YES;
				CLANG_WARN_DIRECT_OBJC_ISA_USAGE = YES_ERROR;
				CLANG_WARN_EMPTY_BODY = YES;
				CLANG_WARN_ENUM_CONVERSION = YES;
				CLANG_WARN_INT_CONVERSION = YES;
				CLANG_WARN_OBJC_ROOT_CLASS = YES_ERROR;
				CLANG_WARN_UNREACHABLE_CODE = YES;
				CLANG_WARN__DUPLICATE_METHOD_MATCH = YES;
				"CODE_SIGN_IDENTITY[sdk=iphoneos*]" = "iPhone Developer";
				COPY_PHASE_STRIP = NO;
				DEBUG_INFORMATION_FORMAT = "dwarf-with-dsym";
				ENABLE_STRICT_OBJC_MSGSEND = YES;
				GCC_C_LANGUAGE_STANDARD = gnu99;
				GCC_DYNAMIC_NO_PIC = NO;
				GCC_NO_COMMON_BLOCKS = YES;
				GCC_OPTIMIZATION_LEVEL = 0;
				GCC_PREPROCESSOR_DEFINITIONS = (
					"DEBUG=1",
					"$(inherited)",
				);
				GCC_SYMBOLS_PRIVATE_EXTERN = NO;
				GCC_WARN_64_TO_32_BIT_CONVERSION = YES;
				GCC_WARN_ABOUT_RETURN_TYPE = YES_ERROR;
				GCC_WARN_UNDECLARED_SELECTOR = YES;
				GCC_WARN_UNINITIALIZED_AUTOS = YES_AGGRESSIVE;
				GCC_WARN_UNUSED_FUNCTION = YES;
				GCC_WARN_UNUSED_VARIABLE = YES;
				IPHONEOS_DEPLOYMENT_TARGET = 8.3;
				MTL_ENABLE_DEBUG_INFO = YES;
				ONLY_ACTIVE_ARCH = YES;
				SDKROOT = iphoneos;
				SWIFT_OPTIMIZATION_LEVEL = "-Onone";
			};
			name = Debug;
		};
		838C18001B1F4D5E0095EAB2 /* Release */ = {
			isa = XCBuildConfiguration;
			buildSettings = {
				ALWAYS_SEARCH_USER_PATHS = NO;
				CLANG_CXX_LANGUAGE_STANDARD = "gnu++0x";
				CLANG_CXX_LIBRARY = "libc++";
				CLANG_ENABLE_MODULES = YES;
				CLANG_ENABLE_OBJC_ARC = YES;
				CLANG_WARN_BOOL_CONVERSION = YES;
				CLANG_WARN_CONSTANT_CONVERSION = YES;
				CLANG_WARN_DIRECT_OBJC_ISA_USAGE = YES_ERROR;
				CLANG_WARN_EMPTY_BODY = YES;
				CLANG_WARN_ENUM_CONVERSION = YES;
				CLANG_WARN_INT_CONVERSION = YES;
				CLANG_WARN_OBJC_ROOT_CLASS = YES_ERROR;
				CLANG_WARN_UNREACHABLE_CODE = YES;
				CLANG_WARN__DUPLICATE_METHOD_MATCH = YES;
				"CODE_SIGN_IDENTITY[sdk=iphoneos*]" = "iPhone Developer";
				COPY_PHASE_STRIP = NO;
				DEBUG_INFORMATION_FORMAT = "dwarf-with-dsym";
				ENABLE_NS_ASSERTIONS = NO;
				ENABLE_STRICT_OBJC_MSGSEND = YES;
				GCC_C_LANGUAGE_STANDARD = gnu99;
				GCC_NO_COMMON_BLOCKS = YES;
				GCC_WARN_64_TO_32_BIT_CONVERSION = YES;
				GCC_WARN_ABOUT_RETURN_TYPE = YES_ERROR;
				GCC_WARN_UNDECLARED_SELECTOR = YES;
				GCC_WARN_UNINITIALIZED_AUTOS = YES_AGGRESSIVE;
				GCC_WARN_UNUSED_FUNCTION = YES;
				GCC_WARN_UNUSED_VARIABLE = YES;
				IPHONEOS_DEPLOYMENT_TARGET = 8.3;
				MTL_ENABLE_DEBUG_INFO = NO;
				SDKROOT = iphoneos;
				VALIDATE_PRODUCT = YES;
			};
			name = Release;
		};
		838C18021B1F4D5E0095EAB2 /* Debug */ = {
			isa = XCBuildConfiguration;
			buildSettings = {
				ASSETCATALOG_COMPILER_APPICON_NAME = AppIcon;
				CODE_SIGN_IDENTITY = "iPhone Developer";
				"CODE_SIGN_IDENTITY[sdk=iphoneos*]" = "iPhone Developer";
				INFOPLIST_FILE = PitchPerfect/Info.plist;
				LD_RUNPATH_SEARCH_PATHS = "$(inherited) @executable_path/Frameworks";
				PRODUCT_NAME = "$(TARGET_NAME)";
				PROVISIONING_PROFILE = "";
			};
			name = Debug;
		};
		838C18031B1F4D5E0095EAB2 /* Release */ = {
			isa = XCBuildConfiguration;
			buildSettings = {
				ASSETCATALOG_COMPILER_APPICON_NAME = AppIcon;
				CODE_SIGN_IDENTITY = "iPhone Developer";
				"CODE_SIGN_IDENTITY[sdk=iphoneos*]" = "iPhone Developer";
				INFOPLIST_FILE = PitchPerfect/Info.plist;
				LD_RUNPATH_SEARCH_PATHS = "$(inherited) @executable_path/Frameworks";
				PRODUCT_NAME = "$(TARGET_NAME)";
				PROVISIONING_PROFILE = "";
			};
			name = Release;
		};
		838C18051B1F4D5E0095EAB2 /* Debug */ = {
			isa = XCBuildConfiguration;
			buildSettings = {
				BUNDLE_LOADER = "$(TEST_HOST)";
				FRAMEWORK_SEARCH_PATHS = (
					"$(SDKROOT)/Developer/Library/Frameworks",
					"$(inherited)",
				);
				GCC_PREPROCESSOR_DEFINITIONS = (
					"DEBUG=1",
					"$(inherited)",
				);
				INFOPLIST_FILE = PitchPerfectTests/Info.plist;
				LD_RUNPATH_SEARCH_PATHS = "$(inherited) @executable_path/Frameworks @loader_path/Frameworks";
				PRODUCT_NAME = "$(TARGET_NAME)";
				TEST_HOST = "$(BUILT_PRODUCTS_DIR)/PitchPerfect.app/PitchPerfect";
			};
			name = Debug;
		};
		838C18061B1F4D5E0095EAB2 /* Release */ = {
			isa = XCBuildConfiguration;
			buildSettings = {
				BUNDLE_LOADER = "$(TEST_HOST)";
				FRAMEWORK_SEARCH_PATHS = (
					"$(SDKROOT)/Developer/Library/Frameworks",
					"$(inherited)",
				);
				INFOPLIST_FILE = PitchPerfectTests/Info.plist;
				LD_RUNPATH_SEARCH_PATHS = "$(inherited) @executable_path/Frameworks @loader_path/Frameworks";
				PRODUCT_NAME = "$(TARGET_NAME)";
				TEST_HOST = "$(BUILT_PRODUCTS_DIR)/PitchPerfect.app/PitchPerfect";
			};
			name = Release;
		};
/* End XCBuildConfiguration section */

/* Begin XCConfigurationList section */
		838C17DD1B1F4D5E0095EAB2 /* Build configuration list for PBXProject "PitchPerfect" */ = {
			isa = XCConfigurationList;
			buildConfigurations = (
				838C17FF1B1F4D5E0095EAB2 /* Debug */,
				838C18001B1F4D5E0095EAB2 /* Release */,
			);
			defaultConfigurationIsVisible = 0;
			defaultConfigurationName = Release;
		};
		838C18011B1F4D5E0095EAB2 /* Build configuration list for PBXNativeTarget "PitchPerfect" */ = {
			isa = XCConfigurationList;
			buildConfigurations = (
				838C18021B1F4D5E0095EAB2 /* Debug */,
				838C18031B1F4D5E0095EAB2 /* Release */,
			);
			defaultConfigurationIsVisible = 0;
			defaultConfigurationName = Release;
		};
		838C18041B1F4D5E0095EAB2 /* Build configuration list for PBXNativeTarget "PitchPerfectTests" */ = {
			isa = XCConfigurationList;
			buildConfigurations = (
				838C18051B1F4D5E0095EAB2 /* Debug */,
				838C18061B1F4D5E0095EAB2 /* Release */,
			);
			defaultConfigurationIsVisible = 0;
			defaultConfigurationName = Release;
		};
/* End XCConfigurationList section */
	};
	rootObject = 838C17DA1B1F4D5E0095EAB2 /* Project object */;
}
